
Microsoft Visual Studio Solution File, Format Version 12.00
# Visual Studio Version 16
VisualStudioVersion = 16.0.29306.81
MinimumVisualStudioVersion = 10.0.40219.1
Project("{8BC9CEB8-8B4A-11D0-8D11-00A0C91BC942}") = "Homework_5", "Homework_5\Homework_5.vcxproj", "{C4756A28-DD95-4854-9A1A-3065C502DFAA}"
EndProject
Project("{2150E333-8FDC-42A3-9474-1A3956D46DE8}") = "Solution Items", "Solution Items", "{774589EB-70E4-43BF-A44F-1516491DB851}"
	ProjectSection(SolutionItems) = preProject
		Homework_5\Class.h = Homework_5\Class.h
		Homework_5\main.cpp = Homework_5\main.cpp
		Homework_5\mips.cpp = Homework_5\mips.cpp
		Homework_5\mips.h = Homework_5\mips.h
		Homework_5\Mips_2.cpp = Homework_5\Mips_2.cpp
		Homework_5\optimizer.cpp = Homework_5\optimizer.cpp
		Homework_5\Optimizer.h = Homework_5\Optimizer.h
		Homework_5\Source.cpp = Homework_5\Source.cpp
		Homework_5\Source.h = Homework_5\Source.h
	EndProjectSection
EndProject
Global
	GlobalSection(SolutionConfigurationPlatforms) = preSolution
		Debug|x64 = Debug|x64
		Debug|x86 = Debug|x86
		Release|x64 = Release|x64
		Release|x86 = Release|x86
	EndGlobalSection
	GlobalSection(ProjectConfigurationPlatforms) = postSolution
		{C4756A28-DD95-4854-9A1A-3065C502DFAA}.Debug|x64.ActiveCfg = Debug|x64
		{C4756A28-DD95-4854-9A1A-3065C502DFAA}.Debug|x64.Build.0 = Debug|x64
		{C4756A28-DD95-4854-9A1A-3065C502DFAA}.Debug|x86.ActiveCfg = Debug|Win32
		{C4756A28-DD95-4854-9A1A-3065C502DFAA}.Debug|x86.Build.0 = Debug|Win32
		{C4756A28-DD95-4854-9A1A-3065C502DFAA}.Release|x64.ActiveCfg = Release|x64
		{C4756A28-DD95-4854-9A1A-3065C502DFAA}.Release|x64.Build.0 = Release|x64
		{C4756A28-DD95-4854-9A1A-3065C502DFAA}.Release|x86.ActiveCfg = Release|Win32
		{C4756A28-DD95-4854-9A1A-3065C502DFAA}.Release|x86.Build.0 = Release|Win32
	EndGlobalSection
	GlobalSection(SolutionProperties) = preSolution
		HideSolutionNode = FALSE
	EndGlobalSection
	GlobalSection(ExtensibilityGlobals) = postSolution
		SolutionGuid = {9F110FCF-0ADA-414D-BF2A-70D8139F7BA2}
	EndGlobalSection
EndGlobal
